
Microsoft Visual Studio Solution File, Format Version 12.00
# Visual Studio Version 17
VisualStudioVersion = 17.0.31903.59
MinimumVisualStudioVersion = 10.0.40219.1
Project("{FAE04EC0-301F-11D3-BF4B-00C04F79EFBC}") = "Infrastructure", "Infrastructure\Infrastructure.csproj", "{6097B96D-D801-499B-B940-AC30C81C7D6F}"
EndProject
Project("{FAE04EC0-301F-11D3-BF4B-00C04F79EFBC}") = "Domain", "Domain\Domain.csproj", "{BE3BE15C-E785-47AC-BA63-22F86456E46D}"
EndProject
Project("{FAE04EC0-301F-11D3-BF4B-00C04F79EFBC}") = "WebApi", "WebApi\WebApi.csproj", "{A17D5BD3-19DA-44CE-8DC4-054B1E441E17}"
EndProject
Global
	GlobalSection(SolutionConfigurationPlatforms) = preSolution
		Debug|Any CPU = Debug|Any CPU
		Release|Any CPU = Release|Any CPU
	EndGlobalSection
	GlobalSection(SolutionProperties) = preSolution
		HideSolutionNode = FALSE
	EndGlobalSection
	GlobalSection(ProjectConfigurationPlatforms) = postSolution
		{6097B96D-D801-499B-B940-AC30C81C7D6F}.Debug|Any CPU.ActiveCfg = Debug|Any CPU
		{6097B96D-D801-499B-B940-AC30C81C7D6F}.Debug|Any CPU.Build.0 = Debug|Any CPU
		{6097B96D-D801-499B-B940-AC30C81C7D6F}.Release|Any CPU.ActiveCfg = Release|Any CPU
		{6097B96D-D801-499B-B940-AC30C81C7D6F}.Release|Any CPU.Build.0 = Release|Any CPU
		{BE3BE15C-E785-47AC-BA63-22F86456E46D}.Debug|Any CPU.ActiveCfg = Debug|Any CPU
		{BE3BE15C-E785-47AC-BA63-22F86456E46D}.Debug|Any CPU.Build.0 = Debug|Any CPU
		{BE3BE15C-E785-47AC-BA63-22F86456E46D}.Release|Any CPU.ActiveCfg = Release|Any CPU
		{BE3BE15C-E785-47AC-BA63-22F86456E46D}.Release|Any CPU.Build.0 = Release|Any CPU
		{A17D5BD3-19DA-44CE-8DC4-054B1E441E17}.Debug|Any CPU.ActiveCfg = Debug|Any CPU
		{A17D5BD3-19DA-44CE-8DC4-054B1E441E17}.Debug|Any CPU.Build.0 = Debug|Any CPU
		{A17D5BD3-19DA-44CE-8DC4-054B1E441E17}.Release|Any CPU.ActiveCfg = Release|Any CPU
		{A17D5BD3-19DA-44CE-8DC4-054B1E441E17}.Release|Any CPU.Build.0 = Release|Any CPU
	EndGlobalSection
EndGlobal
